
Microsoft Visual Studio Solution File, Format Version 12.00
# Visual Studio Version 17
VisualStudioVersion = 17.7.34031.279
MinimumVisualStudioVersion = 10.0.40219.1
Project("{FAE04EC0-301F-11D3-BF4B-00C04F79EFBC}") = "Program", "Program.csproj", "{2D6161A5-2EB3-429D-B2EC-AD1583D01352}"
EndProject
Global
	GlobalSection(SolutionConfigurationPlatforms) = preSolution
		Debug|Any CPU = Debug|Any CPU
		Release|Any CPU = Release|Any CPU
	EndGlobalSection
	GlobalSection(ProjectConfigurationPlatforms) = postSolution
		{2D6161A5-2EB3-429D-B2EC-AD1583D01352}.Debug|Any CPU.ActiveCfg = Debug|Any CPU
		{2D6161A5-2EB3-429D-B2EC-AD1583D01352}.Debug|Any CPU.Build.0 = Debug|Any CPU
		{2D6161A5-2EB3-429D-B2EC-AD1583D01352}.Release|Any CPU.ActiveCfg = Release|Any CPU
		{2D6161A5-2EB3-429D-B2EC-AD1583D01352}.Release|Any CPU.Build.0 = Release|Any CPU
	EndGlobalSection
	GlobalSection(SolutionProperties) = preSolution
		HideSolutionNode = FALSE
	EndGlobalSection
	GlobalSection(ExtensibilityGlobals) = postSolution
		SolutionGuid = {84CC56C2-2769-4FA0-B4D8-1AEF0C01D59A}
	EndGlobalSection
EndGlobal
