
Microsoft Visual Studio Solution File, Format Version 12.00
# Visual Studio Version 17
VisualStudioVersion = 17.7.34031.279
MinimumVisualStudioVersion = 10.0.40219.1
Project("{9A19103F-16F7-4668-BE54-9A1E7A4F7556}") = "LAB10", "LAB10.csproj", "{2D237DE1-3735-41EB-B18A-B6ADB5496AA5}"
EndProject
Global
	GlobalSection(SolutionConfigurationPlatforms) = preSolution
		Debug|Any CPU = Debug|Any CPU
		Release|Any CPU = Release|Any CPU
	EndGlobalSection
	GlobalSection(ProjectConfigurationPlatforms) = postSolution
		{2D237DE1-3735-41EB-B18A-B6ADB5496AA5}.Debug|Any CPU.ActiveCfg = Debug|Any CPU
		{2D237DE1-3735-41EB-B18A-B6ADB5496AA5}.Debug|Any CPU.Build.0 = Debug|Any CPU
		{2D237DE1-3735-41EB-B18A-B6ADB5496AA5}.Release|Any CPU.ActiveCfg = Release|Any CPU
		{2D237DE1-3735-41EB-B18A-B6ADB5496AA5}.Release|Any CPU.Build.0 = Release|Any CPU
	EndGlobalSection
	GlobalSection(SolutionProperties) = preSolution
		HideSolutionNode = FALSE
	EndGlobalSection
	GlobalSection(ExtensibilityGlobals) = postSolution
		SolutionGuid = {08121CC7-3FD5-461A-904E-FB498C45F38A}
	EndGlobalSection
EndGlobal
