
Microsoft Visual Studio Solution File, Format Version 12.00
# Visual Studio Version 17
VisualStudioVersion = 17.7.34031.279
MinimumVisualStudioVersion = 10.0.40219.1
Project("{FAE04EC0-301F-11D3-BF4B-00C04F79EFBC}") = "Banci", "Banci.csproj", "{216CA557-6BAD-4982-A5EE-9ADCAA83886F}"
EndProject
Project("{2150E333-8FDC-42A3-9474-1A3956D46DE8}") = "Solution Items", "Solution Items", "{7E51909B-684F-4B7E-94F5-E8F151725761}"
EndProject
Project("{9A19103F-16F7-4668-BE54-9A1E7A4F7556}") = "Conturi", "..\..\LAB6\ConturiBancare\Conturi.csproj", "{9F75DD61-A5F1-4D79-AAFA-ECD70ED5A6F3}"
EndProject
Project("{FAE04EC0-301F-11D3-BF4B-00C04F79EFBC}") = "POS", "..\..\LAB7\POS\POS.csproj", "{92971201-CD50-475E-9EF0-65FBE4A1875F}"
EndProject
Project("{9A19103F-16F7-4668-BE54-9A1E7A4F7556}") = "CARDS", "..\..\LAB7\CARDS\CARDS.csproj", "{AF6CC50B-625B-4654-B828-163B4D743D5C}"
EndProject
Global
	GlobalSection(SolutionConfigurationPlatforms) = preSolution
		Debug|Any CPU = Debug|Any CPU
		Release|Any CPU = Release|Any CPU
	EndGlobalSection
	GlobalSection(ProjectConfigurationPlatforms) = postSolution
		{216CA557-6BAD-4982-A5EE-9ADCAA83886F}.Debug|Any CPU.ActiveCfg = Debug|Any CPU
		{216CA557-6BAD-4982-A5EE-9ADCAA83886F}.Debug|Any CPU.Build.0 = Debug|Any CPU
		{216CA557-6BAD-4982-A5EE-9ADCAA83886F}.Release|Any CPU.ActiveCfg = Release|Any CPU
		{216CA557-6BAD-4982-A5EE-9ADCAA83886F}.Release|Any CPU.Build.0 = Release|Any CPU
		{9F75DD61-A5F1-4D79-AAFA-ECD70ED5A6F3}.Debug|Any CPU.ActiveCfg = Debug|Any CPU
		{9F75DD61-A5F1-4D79-AAFA-ECD70ED5A6F3}.Debug|Any CPU.Build.0 = Debug|Any CPU
		{9F75DD61-A5F1-4D79-AAFA-ECD70ED5A6F3}.Release|Any CPU.ActiveCfg = Release|Any CPU
		{9F75DD61-A5F1-4D79-AAFA-ECD70ED5A6F3}.Release|Any CPU.Build.0 = Release|Any CPU
		{92971201-CD50-475E-9EF0-65FBE4A1875F}.Debug|Any CPU.ActiveCfg = Debug|Any CPU
		{92971201-CD50-475E-9EF0-65FBE4A1875F}.Debug|Any CPU.Build.0 = Debug|Any CPU
		{92971201-CD50-475E-9EF0-65FBE4A1875F}.Release|Any CPU.ActiveCfg = Release|Any CPU
		{92971201-CD50-475E-9EF0-65FBE4A1875F}.Release|Any CPU.Build.0 = Release|Any CPU
		{AF6CC50B-625B-4654-B828-163B4D743D5C}.Debug|Any CPU.ActiveCfg = Debug|Any CPU
		{AF6CC50B-625B-4654-B828-163B4D743D5C}.Debug|Any CPU.Build.0 = Debug|Any CPU
		{AF6CC50B-625B-4654-B828-163B4D743D5C}.Release|Any CPU.ActiveCfg = Release|Any CPU
		{AF6CC50B-625B-4654-B828-163B4D743D5C}.Release|Any CPU.Build.0 = Release|Any CPU
	EndGlobalSection
	GlobalSection(SolutionProperties) = preSolution
		HideSolutionNode = FALSE
	EndGlobalSection
	GlobalSection(ExtensibilityGlobals) = postSolution
		SolutionGuid = {9E4CF8E7-6A76-48BB-A2F4-30BBB40EFDA8}
	EndGlobalSection
EndGlobal
